# This file is automatically @generated by Cargo.
# It is not intended for manual editing.
version = 4

[[package]]
name = "autocfg"
version = "1.4.0"
source = "registry+https://github.com/rust-lang/crates.io-index"
checksum = "ace50bade8e6234aa140d9a2f552bbee1db4d353f69b8217bc503490fc1a9f26"

[[package]]
name = "fs-err"
version = "3.1.0"
source = "registry+https://github.com/rust-lang/crates.io-index"
checksum = "1f89bda4c2a21204059a977ed3bfe746677dfd137b83c339e702b0ac91d482aa"
dependencies = [
 "autocfg",
]

[[package]]
name = "io_utils"
version = "0.1.0"
dependencies = [
 "fs-err",
 "num-traits",
 "num_utils",
]

[[package]]
name = "num-traits"
version = "0.2.19"
source = "registry+https://github.com/rust-lang/crates.io-index"
checksum = "071dfc062690e90b734c0b2273ce72ad0ffa95f0c74596bc250dcfd960262841"
dependencies = [
 "autocfg",
]

[[package]]
name = "num_utils"
version = "0.1.0"
